// !$*UTF8*$!
{
	archiveVersion = 1;
	classes = {
	};
	objectVersion = 46;
	objects = {

/* Begin PBXBuildFile section */
		9ED1E9681ABA65C90006A8E8 /* CollectionViewController.m in Sources */ = {isa = PBXBuildFile; fileRef = 9ED1E9671ABA65C90006A8E8 /* CollectionViewController.m */; };
		9ED1E96B1ABA66C60006A8E8 /* CollectionViewCell.m in Sources */ = {isa = PBXBuildFile; fileRef = 9ED1E96A1ABA66C60006A8E8 /* CollectionViewCell.m */; };
		9ED1E96E1ABA7D720006A8E8 /* CollectionTableView.m in Sources */ = {isa = PBXBuildFile; fileRef = 9ED1E96D1ABA7D720006A8E8 /* CollectionTableView.m */; };
		E10806791ABA1DDA00E42BC3 /* main.m in Sources */ = {isa = PBXBuildFile; fileRef = E10806781ABA1DDA00E42BC3 /* main.m */; };
		E108067C1ABA1DDA00E42BC3 /* AppDelegate.m in Sources */ = {isa = PBXBuildFile; fileRef = E108067B1ABA1DDA00E42BC3 /* AppDelegate.m */; };
		E108067F1ABA1DDA00E42BC3 /* RootViewController.m in Sources */ = {isa = PBXBuildFile; fileRef = E108067E1ABA1DDA00E42BC3 /* RootViewController.m */; };
		E10806821ABA1DDA00E42BC3 /* Main.storyboard in Resources */ = {isa = PBXBuildFile; fileRef = E10806801ABA1DDA00E42BC3 /* Main.storyboard */; };
		E10806841ABA1DDA00E42BC3 /* Images.xcassets in Resources */ = {isa = PBXBuildFile; fileRef = E10806831ABA1DDA00E42BC3 /* Images.xcassets */; };
		E10806871ABA1DDA00E42BC3 /* LaunchScreen.xib in Resources */ = {isa = PBXBuildFile; fileRef = E10806851ABA1DDA00E42BC3 /* LaunchScreen.xib */; };
		E10806931ABA1DDA00E42BC3 /* LionsAndTigersTests.m in Sources */ = {isa = PBXBuildFile; fileRef = E10806921ABA1DDA00E42BC3 /* LionsAndTigersTests.m */; };
		E108069E1ABA1FC400E42BC3 /* TopViewController.m in Sources */ = {isa = PBXBuildFile; fileRef = E108069D1ABA1FC400E42BC3 /* TopViewController.m */; };
		E10806A11ABA1FD800E42BC3 /* HUDViewController.m in Sources */ = {isa = PBXBuildFile; fileRef = E10806A01ABA1FD800E42BC3 /* HUDViewController.m */; };
/* End PBXBuildFile section */

/* Begin PBXContainerItemProxy section */
		E108068D1ABA1DDA00E42BC3 /* PBXContainerItemProxy */ = {
			isa = PBXContainerItemProxy;
			containerPortal = E108066B1ABA1DDA00E42BC3 /* Project object */;
			proxyType = 1;
			remoteGlobalIDString = E10806721ABA1DDA00E42BC3;
			remoteInfo = LionsAndTigers;
		};
/* End PBXContainerItemProxy section */

/* Begin PBXFileReference section */
		9ED1E9661ABA65C90006A8E8 /* CollectionViewController.h */ = {isa = PBXFileReference; fileEncoding = 4; lastKnownFileType = sourcecode.c.h; name = CollectionViewController.h; path = ../CollectionViewController.h; sourceTree = "<group>"; };
		9ED1E9671ABA65C90006A8E8 /* CollectionViewController.m */ = {isa = PBXFileReference; fileEncoding = 4; lastKnownFileType = sourcecode.c.objc; name = CollectionViewController.m; path = ../CollectionViewController.m; sourceTree = "<group>"; };
		9ED1E9691ABA66C60006A8E8 /* CollectionViewCell.h */ = {isa = PBXFileReference; fileEncoding = 4; lastKnownFileType = sourcecode.c.h; path = CollectionViewCell.h; sourceTree = "<group>"; };
		9ED1E96A1ABA66C60006A8E8 /* CollectionViewCell.m */ = {isa = PBXFileReference; fileEncoding = 4; lastKnownFileType = sourcecode.c.objc; path = CollectionViewCell.m; sourceTree = "<group>"; };
		9ED1E96C1ABA7D720006A8E8 /* CollectionTableView.h */ = {isa = PBXFileReference; fileEncoding = 4; lastKnownFileType = sourcecode.c.h; path = CollectionTableView.h; sourceTree = "<group>"; };
		9ED1E96D1ABA7D720006A8E8 /* CollectionTableView.m */ = {isa = PBXFileReference; fileEncoding = 4; lastKnownFileType = sourcecode.c.objc; path = CollectionTableView.m; sourceTree = "<group>"; };
		E10806731ABA1DDA00E42BC3 /* LionsAndTigers.app */ = {isa = PBXFileReference; explicitFileType = wrapper.application; includeInIndex = 0; path = LionsAndTigers.app; sourceTree = BUILT_PRODUCTS_DIR; };
		E10806771ABA1DDA00E42BC3 /* Info.plist */ = {isa = PBXFileReference; lastKnownFileType = text.plist.xml; path = Info.plist; sourceTree = "<group>"; };
		E10806781ABA1DDA00E42BC3 /* main.m */ = {isa = PBXFileReference; lastKnownFileType = sourcecode.c.objc; path = main.m; sourceTree = "<group>"; };
		E108067A1ABA1DDA00E42BC3 /* AppDelegate.h */ = {isa = PBXFileReference; lastKnownFileType = sourcecode.c.h; path = AppDelegate.h; sourceTree = "<group>"; };
		E108067B1ABA1DDA00E42BC3 /* AppDelegate.m */ = {isa = PBXFileReference; lastKnownFileType = sourcecode.c.objc; path = AppDelegate.m; sourceTree = "<group>"; };
		E108067D1ABA1DDA00E42BC3 /* RootViewController.h */ = {isa = PBXFileReference; lastKnownFileType = sourcecode.c.h; path = RootViewController.h; sourceTree = "<group>"; };
		E108067E1ABA1DDA00E42BC3 /* RootViewController.m */ = {isa = PBXFileReference; lastKnownFileType = sourcecode.c.objc; path = RootViewController.m; sourceTree = "<group>"; };
		E10806811ABA1DDA00E42BC3 /* Base */ = {isa = PBXFileReference; lastKnownFileType = file.storyboard; name = Base; path = Base.lproj/Main.storyboard; sourceTree = "<group>"; };
		E10806831ABA1DDA00E42BC3 /* Images.xcassets */ = {isa = PBXFileReference; lastKnownFileType = folder.assetcatalog; path = Images.xcassets; sourceTree = "<group>"; };
		E10806861ABA1DDA00E42BC3 /* Base */ = {isa = PBXFileReference; lastKnownFileType = file.xib; name = Base; path = Base.lproj/LaunchScreen.xib; sourceTree = "<group>"; };
		E108068C1ABA1DDA00E42BC3 /* LionsAndTigersTests.xctest */ = {isa = PBXFileReference; explicitFileType = wrapper.cfbundle; includeInIndex = 0; path = LionsAndTigersTests.xctest; sourceTree = BUILT_PRODUCTS_DIR; };
		E10806911ABA1DDA00E42BC3 /* Info.plist */ = {isa = PBXFileReference; lastKnownFileType = text.plist.xml; path = Info.plist; sourceTree = "<group>"; };
		E10806921ABA1DDA00E42BC3 /* LionsAndTigersTests.m */ = {isa = PBXFileReference; lastKnownFileType = sourcecode.c.objc; path = LionsAndTigersTests.m; sourceTree = "<group>"; };
		E108069C1ABA1FC400E42BC3 /* TopViewController.h */ = {isa = PBXFileReference; fileEncoding = 4; lastKnownFileType = sourcecode.c.h; path = TopViewController.h; sourceTree = "<group>"; };
		E108069D1ABA1FC400E42BC3 /* TopViewController.m */ = {isa = PBXFileReference; fileEncoding = 4; lastKnownFileType = sourcecode.c.objc; path = TopViewController.m; sourceTree = "<group>"; };
		E108069F1ABA1FD800E42BC3 /* HUDViewController.h */ = {isa = PBXFileReference; fileEncoding = 4; lastKnownFileType = sourcecode.c.h; path = HUDViewController.h; sourceTree = "<group>"; };
		E10806A01ABA1FD800E42BC3 /* HUDViewController.m */ = {isa = PBXFileReference; fileEncoding = 4; lastKnownFileType = sourcecode.c.objc; path = HUDViewController.m; sourceTree = "<group>"; };
/* End PBXFileReference section */

/* Begin PBXFrameworksBuildPhase section */
		E10806701ABA1DDA00E42BC3 /* Frameworks */ = {
			isa = PBXFrameworksBuildPhase;
			buildActionMask = 2147483647;
			files = (
			);
			runOnlyForDeploymentPostprocessing = 0;
		};
		E10806891ABA1DDA00E42BC3 /* Frameworks */ = {
			isa = PBXFrameworksBuildPhase;
			buildActionMask = 2147483647;
			files = (
			);
			runOnlyForDeploymentPostprocessing = 0;
		};
/* End PBXFrameworksBuildPhase section */

/* Begin PBXGroup section */
		E108066A1ABA1DDA00E42BC3 = {
			isa = PBXGroup;
			children = (
				E10806751ABA1DDA00E42BC3 /* LionsAndTigers */,
				E108068F1ABA1DDA00E42BC3 /* LionsAndTigersTests */,
				E10806741ABA1DDA00E42BC3 /* Products */,
			);
			sourceTree = "<group>";
		};
		E10806741ABA1DDA00E42BC3 /* Products */ = {
			isa = PBXGroup;
			children = (
				E10806731ABA1DDA00E42BC3 /* LionsAndTigers.app */,
				E108068C1ABA1DDA00E42BC3 /* LionsAndTigersTests.xctest */,
			);
			name = Products;
			sourceTree = "<group>";
		};
		E10806751ABA1DDA00E42BC3 /* LionsAndTigers */ = {
			isa = PBXGroup;
			children = (
				E108067A1ABA1DDA00E42BC3 /* AppDelegate.h */,
				E108067B1ABA1DDA00E42BC3 /* AppDelegate.m */,
				E108067D1ABA1DDA00E42BC3 /* RootViewController.h */,
				E108067E1ABA1DDA00E42BC3 /* RootViewController.m */,
				9ED1E9661ABA65C90006A8E8 /* CollectionViewController.h */,
				9ED1E9671ABA65C90006A8E8 /* CollectionViewController.m */,
				9ED1E96C1ABA7D720006A8E8 /* CollectionTableView.h */,
				9ED1E96D1ABA7D720006A8E8 /* CollectionTableView.m */,
				E10806801ABA1DDA00E42BC3 /* Main.storyboard */,
				9ED1E9691ABA66C60006A8E8 /* CollectionViewCell.h */,
				9ED1E96A1ABA66C60006A8E8 /* CollectionViewCell.m */,
				E108069C1ABA1FC400E42BC3 /* TopViewController.h */,
				E108069D1ABA1FC400E42BC3 /* TopViewController.m */,
				E108069F1ABA1FD800E42BC3 /* HUDViewController.h */,
				E10806A01ABA1FD800E42BC3 /* HUDViewController.m */,
				E10806831ABA1DDA00E42BC3 /* Images.xcassets */,
				E10806851ABA1DDA00E42BC3 /* LaunchScreen.xib */,
				E10806761ABA1DDA00E42BC3 /* Supporting Files */,
			);
			path = LionsAndTigers;
			sourceTree = "<group>";
		};
		E10806761ABA1DDA00E42BC3 /* Supporting Files */ = {
			isa = PBXGroup;
			children = (
				E10806771ABA1DDA00E42BC3 /* Info.plist */,
				E10806781ABA1DDA00E42BC3 /* main.m */,
			);
			name = "Supporting Files";
			sourceTree = "<group>";
		};
		E108068F1ABA1DDA00E42BC3 /* LionsAndTigersTests */ = {
			isa = PBXGroup;
			children = (
				E10806921ABA1DDA00E42BC3 /* LionsAndTigersTests.m */,
				E10806901ABA1DDA00E42BC3 /* Supporting Files */,
			);
			path = LionsAndTigersTests;
			sourceTree = "<group>";
		};
		E10806901ABA1DDA00E42BC3 /* Supporting Files */ = {
			isa = PBXGroup;
			children = (
				E10806911ABA1DDA00E42BC3 /* Info.plist */,
			);
			name = "Supporting Files";
			sourceTree = "<group>";
		};
/* End PBXGroup section */

/* Begin PBXNativeTarget section */
		E10806721ABA1DDA00E42BC3 /* LionsAndTigers */ = {
			isa = PBXNativeTarget;
			buildConfigurationList = E10806961ABA1DDA00E42BC3 /* Build configuration list for PBXNativeTarget "LionsAndTigers" */;
			buildPhases = (
				E108066F1ABA1DDA00E42BC3 /* Sources */,
				E10806701ABA1DDA00E42BC3 /* Frameworks */,
				E10806711ABA1DDA00E42BC3 /* Resources */,
			);
			buildRules = (
			);
			dependencies = (
			);
			name = LionsAndTigers;
			productName = LionsAndTigers;
			productReference = E10806731ABA1DDA00E42BC3 /* LionsAndTigers.app */;
			productType = "com.apple.product-type.application";
		};
		E108068B1ABA1DDA00E42BC3 /* LionsAndTigersTests */ = {
			isa = PBXNativeTarget;
			buildConfigurationList = E10806991ABA1DDA00E42BC3 /* Build configuration list for PBXNativeTarget "LionsAndTigersTests" */;
			buildPhases = (
				E10806881ABA1DDA00E42BC3 /* Sources */,
				E10806891ABA1DDA00E42BC3 /* Frameworks */,
				E108068A1ABA1DDA00E42BC3 /* Resources */,
			);
			buildRules = (
			);
			dependencies = (
				E108068E1ABA1DDA00E42BC3 /* PBXTargetDependency */,
			);
			name = LionsAndTigersTests;
			productName = LionsAndTigersTests;
			productReference = E108068C1ABA1DDA00E42BC3 /* LionsAndTigersTests.xctest */;
			productType = "com.apple.product-type.bundle.unit-test";
		};
/* End PBXNativeTarget section */

/* Begin PBXProject section */
		E108066B1ABA1DDA00E42BC3 /* Project object */ = {
			isa = PBXProject;
			attributes = {
				LastUpgradeCheck = 0620;
				ORGANIZATIONNAME = MobileMakers;
				TargetAttributes = {
					E10806721ABA1DDA00E42BC3 = {
						CreatedOnToolsVersion = 6.2;
					};
					E108068B1ABA1DDA00E42BC3 = {
						CreatedOnToolsVersion = 6.2;
						TestTargetID = E10806721ABA1DDA00E42BC3;
					};
				};
			};
			buildConfigurationList = E108066E1ABA1DDA00E42BC3 /* Build configuration list for PBXProject "LionsAndTigers" */;
			compatibilityVersion = "Xcode 3.2";
			developmentRegion = English;
			hasScannedForEncodings = 0;
			knownRegions = (
				en,
				Base,
			);
			mainGroup = E108066A1ABA1DDA00E42BC3;
			productRefGroup = E10806741ABA1DDA00E42BC3 /* Products */;
			projectDirPath = "";
			projectRoot = "";
			targets = (
				E10806721ABA1DDA00E42BC3 /* LionsAndTigers */,
				E108068B1ABA1DDA00E42BC3 /* LionsAndTigersTests */,
			);
		};
/* End PBXProject section */

/* Begin PBXResourcesBuildPhase section */
		E10806711ABA1DDA00E42BC3 /* Resources */ = {
			isa = PBXResourcesBuildPhase;
			buildActionMask = 2147483647;
			files = (
				E10806821ABA1DDA00E42BC3 /* Main.storyboard in Resources */,
				E10806871ABA1DDA00E42BC3 /* LaunchScreen.xib in Resources */,
				E10806841ABA1DDA00E42BC3 /* Images.xcassets in Resources */,
			);
			runOnlyForDeploymentPostprocessing = 0;
		};
		E108068A1ABA1DDA00E42BC3 /* Resources */ = {
			isa = PBXResourcesBuildPhase;
			buildActionMask = 2147483647;
			files = (
			);
			runOnlyForDeploymentPostprocessing = 0;
		};
/* End PBXResourcesBuildPhase section */

/* Begin PBXSourcesBuildPhase section */
		E108066F1ABA1DDA00E42BC3 /* Sources */ = {
			isa = PBXSourcesBuildPhase;
			buildActionMask = 2147483647;
			files = (
				E10806A11ABA1FD800E42BC3 /* HUDViewController.m in Sources */,
				E108069E1ABA1FC400E42BC3 /* TopViewController.m in Sources */,
				9ED1E9681ABA65C90006A8E8 /* CollectionViewController.m in Sources */,
				E108067F1ABA1DDA00E42BC3 /* RootViewController.m in Sources */,
				E108067C1ABA1DDA00E42BC3 /* AppDelegate.m in Sources */,
				9ED1E96B1ABA66C60006A8E8 /* CollectionViewCell.m in Sources */,
				E10806791ABA1DDA00E42BC3 /* main.m in Sources */,
				9ED1E96E1ABA7D720006A8E8 /* CollectionTableView.m in Sources */,
			);
			runOnlyForDeploymentPostprocessing = 0;
		};
		E10806881ABA1DDA00E42BC3 /* Sources */ = {
			isa = PBXSourcesBuildPhase;
			buildActionMask = 2147483647;
			files = (
				E10806931ABA1DDA00E42BC3 /* LionsAndTigersTests.m in Sources */,
			);
			runOnlyForDeploymentPostprocessing = 0;
		};
/* End PBXSourcesBuildPhase section */

/* Begin PBXTargetDependency section */
		E108068E1ABA1DDA00E42BC3 /* PBXTargetDependency */ = {
			isa = PBXTargetDependency;
			target = E10806721ABA1DDA00E42BC3 /* LionsAndTigers */;
			targetProxy = E108068D1ABA1DDA00E42BC3 /* PBXContainerItemProxy */;
		};
/* End PBXTargetDependency section */

/* Begin PBXVariantGroup section */
		E10806801ABA1DDA00E42BC3 /* Main.storyboard */ = {
			isa = PBXVariantGroup;
			children = (
				E10806811ABA1DDA00E42BC3 /* Base */,
			);
			name = Main.storyboard;
			sourceTree = "<group>";
		};
		E10806851ABA1DDA00E42BC3 /* LaunchScreen.xib */ = {
			isa = PBXVariantGroup;
			children = (
				E10806861ABA1DDA00E42BC3 /* Base */,
			);
			name = LaunchScreen.xib;
			sourceTree = "<group>";
		};
/* End PBXVariantGroup section */

/* Begin XCBuildConfiguration section */
		E10806941ABA1DDA00E42BC3 /* Debug */ = {
			isa = XCBuildConfiguration;
			buildSettings = {
				ALWAYS_SEARCH_USER_PATHS = NO;
				CLANG_CXX_LANGUAGE_STANDARD = "gnu++0x";
				CLANG_CXX_LIBRARY = "libc++";
				CLANG_ENABLE_MODULES = YES;
				CLANG_ENABLE_OBJC_ARC = YES;
				CLANG_WARN_BOOL_CONVERSION = YES;
				CLANG_WARN_CONSTANT_CONVERSION = YES;
				CLANG_WARN_DIRECT_OBJC_ISA_USAGE = YES_ERROR;
				CLANG_WARN_EMPTY_BODY = YES;
				CLANG_WARN_ENUM_CONVERSION = YES;
				CLANG_WARN_INT_CONVERSION = YES;
				CLANG_WARN_OBJC_ROOT_CLASS = YES_ERROR;
				CLANG_WARN_UNREACHABLE_CODE = YES;
				CLANG_WARN__DUPLICATE_METHOD_MATCH = YES;
				"CODE_SIGN_IDENTITY[sdk=iphoneos*]" = "iPhone Developer";
				COPY_PHASE_STRIP = NO;
				ENABLE_STRICT_OBJC_MSGSEND = YES;
				GCC_C_LANGUAGE_STANDARD = gnu99;
				GCC_DYNAMIC_NO_PIC = NO;
				GCC_OPTIMIZATION_LEVEL = 0;
				GCC_PREPROCESSOR_DEFINITIONS = (
					"DEBUG=1",
					"$(inherited)",
				);
				GCC_SYMBOLS_PRIVATE_EXTERN = NO;
				GCC_WARN_64_TO_32_BIT_CONVERSION = YES;
				GCC_WARN_ABOUT_RETURN_TYPE = YES_ERROR;
				GCC_WARN_UNDECLARED_SELECTOR = YES;
				GCC_WARN_UNINITIALIZED_AUTOS = YES_AGGRESSIVE;
				GCC_WARN_UNUSED_FUNCTION = YES;
				GCC_WARN_UNUSED_VARIABLE = YES;
				IPHONEOS_DEPLOYMENT_TARGET = 8.2;
				MTL_ENABLE_DEBUG_INFO = YES;
				ONLY_ACTIVE_ARCH = YES;
				SDKROOT = iphoneos;
				TARGETED_DEVICE_FAMILY = "1,2";
			};
			name = Debug;
		};
		E10806951ABA1DDA00E42BC3 /* Release */ = {
			isa = XCBuildConfiguration;
			buildSettings = {
				ALWAYS_SEARCH_USER_PATHS = NO;
				CLANG_CXX_LANGUAGE_STANDARD = "gnu++0x";
				CLANG_CXX_LIBRARY = "libc++";
				CLANG_ENABLE_MODULES = YES;
				CLANG_ENABLE_OBJC_ARC = YES;
				CLANG_WARN_BOOL_CONVERSION = YES;
				CLANG_WARN_CONSTANT_CONVERSION = YES;
				CLANG_WARN_DIRECT_OBJC_ISA_USAGE = YES_ERROR;
				CLANG_WARN_EMPTY_BODY = YES;
				CLANG_WARN_ENUM_CONVERSION = YES;
				CLANG_WARN_INT_CONVERSION = YES;
				CLANG_WARN_OBJC_ROOT_CLASS = YES_ERROR;
				CLANG_WARN_UNREACHABLE_CODE = YES;
				CLANG_WARN__DUPLICATE_METHOD_MATCH = YES;
				"CODE_SIGN_IDENTITY[sdk=iphoneos*]" = "iPhone Developer";
				COPY_PHASE_STRIP = NO;
				ENABLE_NS_ASSERTIONS = NO;
				ENABLE_STRICT_OBJC_MSGSEND = YES;
				GCC_C_LANGUAGE_STANDARD = gnu99;
				GCC_WARN_64_TO_32_BIT_CONVERSION = YES;
				GCC_WARN_ABOUT_RETURN_TYPE = YES_ERROR;
				GCC_WARN_UNDECLARED_SELECTOR = YES;
				GCC_WARN_UNINITIALIZED_AUTOS = YES_AGGRESSIVE;
				GCC_WARN_UNUSED_FUNCTION = YES;
				GCC_WARN_UNUSED_VARIABLE = YES;
				IPHONEOS_DEPLOYMENT_TARGET = 8.2;
				MTL_ENABLE_DEBUG_INFO = NO;
				SDKROOT = iphoneos;
				TARGETED_DEVICE_FAMILY = "1,2";
				VALIDATE_PRODUCT = YES;
			};
			name = Release;
		};
		E10806971ABA1DDA00E42BC3 /* Debug */ = {
			isa = XCBuildConfiguration;
			buildSettings = {
				ASSETCATALOG_COMPILER_APPICON_NAME = AppIcon;
				INFOPLIST_FILE = LionsAndTigers/Info.plist;
				LD_RUNPATH_SEARCH_PATHS = "$(inherited) @executable_path/Frameworks";
				PRODUCT_NAME = "$(TARGET_NAME)";
			};
			name = Debug;
		};
		E10806981ABA1DDA00E42BC3 /* Release */ = {
			isa = XCBuildConfiguration;
			buildSettings = {
				ASSETCATALOG_COMPILER_APPICON_NAME = AppIcon;
				INFOPLIST_FILE = LionsAndTigers/Info.plist;
				LD_RUNPATH_SEARCH_PATHS = "$(inherited) @executable_path/Frameworks";
				PRODUCT_NAME = "$(TARGET_NAME)";
			};
			name = Release;
		};
		E108069A1ABA1DDA00E42BC3 /* Debug */ = {
			isa = XCBuildConfiguration;
			buildSettings = {
				BUNDLE_LOADER = "$(TEST_HOST)";
				FRAMEWORK_SEARCH_PATHS = (
					"$(SDKROOT)/Developer/Library/Frameworks",
					"$(inherited)",
				);
				GCC_PREPROCESSOR_DEFINITIONS = (
					"DEBUG=1",
					"$(inherited)",
				);
				INFOPLIST_FILE = LionsAndTigersTests/Info.plist;
				LD_RUNPATH_SEARCH_PATHS = "$(inherited) @executable_path/Frameworks @loader_path/Frameworks";
				PRODUCT_NAME = "$(TARGET_NAME)";
				TEST_HOST = "$(BUILT_PRODUCTS_DIR)/LionsAndTigers.app/LionsAndTigers";
			};
			name = Debug;
		};
		E108069B1ABA1DDA00E42BC3 /* Release */ = {
			isa = XCBuildConfiguration;
			buildSettings = {
				BUNDLE_LOADER = "$(TEST_HOST)";
				FRAMEWORK_SEARCH_PATHS = (
					"$(SDKROOT)/Developer/Library/Frameworks",
					"$(inherited)",
				);
				INFOPLIST_FILE = LionsAndTigersTests/Info.plist;
				LD_RUNPATH_SEARCH_PATHS = "$(inherited) @executable_path/Frameworks @loader_path/Frameworks";
				PRODUCT_NAME = "$(TARGET_NAME)";
				TEST_HOST = "$(BUILT_PRODUCTS_DIR)/LionsAndTigers.app/LionsAndTigers";
			};
			name = Release;
		};
/* End XCBuildConfiguration section */

/* Begin XCConfigurationList section */
		E108066E1ABA1DDA00E42BC3 /* Build configuration list for PBXProject "LionsAndTigers" */ = {
			isa = XCConfigurationList;
			buildConfigurations = (
				E10806941ABA1DDA00E42BC3 /* Debug */,
				E10806951ABA1DDA00E42BC3 /* Release */,
			);
			defaultConfigurationIsVisible = 0;
			defaultConfigurationName = Release;
		};
		E10806961ABA1DDA00E42BC3 /* Build configuration list for PBXNativeTarget "LionsAndTigers" */ = {
			isa = XCConfigurationList;
			buildConfigurations = (
				E10806971ABA1DDA00E42BC3 /* Debug */,
				E10806981ABA1DDA00E42BC3 /* Release */,
			);
			defaultConfigurationIsVisible = 0;
			defaultConfigurationName = Release;
		};
		E10806991ABA1DDA00E42BC3 /* Build configuration list for PBXNativeTarget "LionsAndTigersTests" */ = {
			isa = XCConfigurationList;
			buildConfigurations = (
				E108069A1ABA1DDA00E42BC3 /* Debug */,
				E108069B1ABA1DDA00E42BC3 /* Release */,
			);
			defaultConfigurationIsVisible = 0;
			defaultConfigurationName = Release;
		};
/* End XCConfigurationList section */
	};
	rootObject = E108066B1ABA1DDA00E42BC3 /* Project object */;
}
